{
    "_readme": [
        "This file locks the dependencies of your project to a known state",
        "Read more about it at http://getcomposer.org/doc/01-basic-usage.md#composer-lock-the-lock-file",
        "This file is @generated automatically"
    ],
    "hash": "87c49d225b0adca979706a6d0344058b",
    "packages": [
        {
            "name": "bolt/rssfeed",
            "version": "v2.1.0",
            "source": {
                "type": "git",
                "url": "https://github.com/GawainLynch/bolt-extension-rssfeed.git",
                "reference": "705ac13b124b728da3123ecc4e33b7174e01ecf2"
            },
            "dist": {
                "type": "zip",
                "url": "https://api.github.com/repos/GawainLynch/bolt-extension-rssfeed/zipball/705ac13b124b728da3123ecc4e33b7174e01ecf2",
                "reference": "705ac13b124b728da3123ecc4e33b7174e01ecf2",
                "shasum": ""
            },
            "require": {
                "bolt/bolt": ">=2.0.0,<3.0.0"
            },
            "type": "bolt-extension",
            "autoload": {
                "files": [
                    "init.php"
                ],
                "psr-4": {
                    "Bolt\\Extension\\Bolt\\RSSFeed\\": [
                        "",
                        "src/"
                    ]
                }
            },
            "license": [
                "GPL-3.0+"
            ],
            "authors": [
                {
                    "name": "Patrick van Kouteren",
                    "email": "info@wedesignit.nl"
                },
                {
                    "name": "Gawain Lynch",
                    "email": "gawain.lynch@gmail.com"
                }
            ],
            "description": "RSS feeds extension for Bolt",
            "keywords": [
                "RSS"
            ],
            "support": {
                "source": "https://github.com/GawainLynch/bolt-extension-rssfeed/tree/v2.1.0",
                "issues": "https://github.com/GawainLynch/bolt-extension-rssfeed/issues"
            },
            "time": "2015-03-13 07:58:59"
        }
    ],
    "packages-dev": [],
    "aliases": [],
    "minimum-stability": "stable",
    "stability-flags": [],
    "prefer-stable": true,
    "prefer-lowest": false,
    "platform": [],
    "platform-dev": []
}
